
Microsoft Visual Studio Solution File, Format Version 12.00
Project("{FAE04EC0-301F-11D3-BF4B-00C04F79EFBC}") = "Alee_BookEcommerceAPI", "Alee_BookEcommerceAPI\Alee_BookEcommerceAPI.csproj", "{5355FB81-7801-4A53-9C4E-6072A3EDBBD4}"
EndProject
Project("{FAE04EC0-301F-11D3-BF4B-00C04F79EFBC}") = "Utility", "Utility\Utility.csproj", "{2759C657-3CFA-4E18-971E-BF5F2E37B340}"
EndProject
Global
	GlobalSection(SolutionConfigurationPlatforms) = preSolution
		Debug|Any CPU = Debug|Any CPU
		Release|Any CPU = Release|Any CPU
	EndGlobalSection
	GlobalSection(ProjectConfigurationPlatforms) = postSolution
		{5355FB81-7801-4A53-9C4E-6072A3EDBBD4}.Debug|Any CPU.ActiveCfg = Debug|Any CPU
		{5355FB81-7801-4A53-9C4E-6072A3EDBBD4}.Debug|Any CPU.Build.0 = Debug|Any CPU
		{5355FB81-7801-4A53-9C4E-6072A3EDBBD4}.Release|Any CPU.ActiveCfg = Release|Any CPU
		{5355FB81-7801-4A53-9C4E-6072A3EDBBD4}.Release|Any CPU.Build.0 = Release|Any CPU
		{2759C657-3CFA-4E18-971E-BF5F2E37B340}.Debug|Any CPU.ActiveCfg = Debug|Any CPU
		{2759C657-3CFA-4E18-971E-BF5F2E37B340}.Debug|Any CPU.Build.0 = Debug|Any CPU
		{2759C657-3CFA-4E18-971E-BF5F2E37B340}.Release|Any CPU.ActiveCfg = Release|Any CPU
		{2759C657-3CFA-4E18-971E-BF5F2E37B340}.Release|Any CPU.Build.0 = Release|Any CPU
	EndGlobalSection
EndGlobal
